
Microsoft Visual Studio Solution File, Format Version 12.00
# Visual Studio Version 17
VisualStudioVersion = 17.4.33205.214
MinimumVisualStudioVersion = 10.0.40219.1
Project("{2150E333-8FDC-42A3-9474-1A3956D46DE8}") = "1. Infrastructure", "1. Infrastructure", "{298F2A03-493B-445C-9772-F16D1649B0BA}"
EndProject
Project("{2150E333-8FDC-42A3-9474-1A3956D46DE8}") = "2. Domain", "2. Domain", "{B34486B5-EA77-4DD1-936E-A1F926964803}"
EndProject
Project("{2150E333-8FDC-42A3-9474-1A3956D46DE8}") = "3. Hosts", "3. Hosts", "{AEBF423D-5B8B-44E5-A220-B3AB9C8F4325}"
EndProject
Project("{FAE04EC0-301F-11D3-BF4B-00C04F79EFBC}") = "eShopSolution.WebApp", "eShopSolution.WebApp\eShopSolution.WebApp.csproj", "{99882998-A939-4220-871F-13DB164513EA}"
EndProject
Project("{FAE04EC0-301F-11D3-BF4B-00C04F79EFBC}") = "eShopSolution.Data", "eShopSolution.Data\eShopSolution.Data.csproj", "{3136BF4F-B39E-43F5-9DF5-30AFFB7D4110}"
EndProject
Project("{FAE04EC0-301F-11D3-BF4B-00C04F79EFBC}") = "eShopSolution.Application", "eShopSolution.Application\eShopSolution.Application.csproj", "{7CDD1DE1-201D-4E8E-A256-9591D8E0F53A}"
EndProject
Global
	GlobalSection(SolutionConfigurationPlatforms) = preSolution
		Debug|Any CPU = Debug|Any CPU
		Release|Any CPU = Release|Any CPU
	EndGlobalSection
	GlobalSection(ProjectConfigurationPlatforms) = postSolution
		{99882998-A939-4220-871F-13DB164513EA}.Debug|Any CPU.ActiveCfg = Debug|Any CPU
		{99882998-A939-4220-871F-13DB164513EA}.Debug|Any CPU.Build.0 = Debug|Any CPU
		{99882998-A939-4220-871F-13DB164513EA}.Release|Any CPU.ActiveCfg = Release|Any CPU
		{99882998-A939-4220-871F-13DB164513EA}.Release|Any CPU.Build.0 = Release|Any CPU
		{3136BF4F-B39E-43F5-9DF5-30AFFB7D4110}.Debug|Any CPU.ActiveCfg = Debug|Any CPU
		{3136BF4F-B39E-43F5-9DF5-30AFFB7D4110}.Debug|Any CPU.Build.0 = Debug|Any CPU
		{3136BF4F-B39E-43F5-9DF5-30AFFB7D4110}.Release|Any CPU.ActiveCfg = Release|Any CPU
		{3136BF4F-B39E-43F5-9DF5-30AFFB7D4110}.Release|Any CPU.Build.0 = Release|Any CPU
		{7CDD1DE1-201D-4E8E-A256-9591D8E0F53A}.Debug|Any CPU.ActiveCfg = Debug|Any CPU
		{7CDD1DE1-201D-4E8E-A256-9591D8E0F53A}.Debug|Any CPU.Build.0 = Debug|Any CPU
		{7CDD1DE1-201D-4E8E-A256-9591D8E0F53A}.Release|Any CPU.ActiveCfg = Release|Any CPU
		{7CDD1DE1-201D-4E8E-A256-9591D8E0F53A}.Release|Any CPU.Build.0 = Release|Any CPU
	EndGlobalSection
	GlobalSection(SolutionProperties) = preSolution
		HideSolutionNode = FALSE
	EndGlobalSection
	GlobalSection(NestedProjects) = preSolution
		{99882998-A939-4220-871F-13DB164513EA} = {AEBF423D-5B8B-44E5-A220-B3AB9C8F4325}
		{3136BF4F-B39E-43F5-9DF5-30AFFB7D4110} = {B34486B5-EA77-4DD1-936E-A1F926964803}
		{7CDD1DE1-201D-4E8E-A256-9591D8E0F53A} = {B34486B5-EA77-4DD1-936E-A1F926964803}
	EndGlobalSection
	GlobalSection(ExtensibilityGlobals) = postSolution
		SolutionGuid = {66A83F2D-8456-4EAE-AED3-AF0694F8AC61}
	EndGlobalSection
EndGlobal
